<Solution>
  <Project Path="SmartShoppingAssistant.Api/SmartShoppingAssistant.Api.csproj" />
  <Project Path="SmartShoppingAssistant.BusinessLogic/SmartShoppingAssistant.BusinessLogic.csproj" Id="bcfac586-c8d4-45f4-a64d-aa711ca812b3" />
  <Project Path="SmartShoppingAssistant.DataAccess/SmartShoppingAssistant.DataAccess.csproj" />
</Solution>
